
Microsoft Visual Studio Solution File, Format Version 12.00
# Visual Studio 14
VisualStudioVersion = 14.0.24720.0
MinimumVisualStudioVersion = 10.0.40219.1
Project("{FAE04EC0-301F-11D3-BF4B-00C04F79EFBC}") = "TL410InstructorsWorkplace", "TL410InstructorsWorkplace\TL410InstructorsWorkplace.csproj", "{2E3F00D8-1429-48CC-B8BD-B632F04E6E55}"
EndProject
Global
	GlobalSection(SolutionConfigurationPlatforms) = preSolution
		Debug|Any CPU = Debug|Any CPU
		Release|Any CPU = Release|Any CPU
	EndGlobalSection
	GlobalSection(ProjectConfigurationPlatforms) = postSolution
		{2E3F00D8-1429-48CC-B8BD-B632F04E6E55}.Debug|Any CPU.ActiveCfg = Debug|Any CPU
		{2E3F00D8-1429-48CC-B8BD-B632F04E6E55}.Debug|Any CPU.Build.0 = Debug|Any CPU
		{2E3F00D8-1429-48CC-B8BD-B632F04E6E55}.Release|Any CPU.ActiveCfg = Release|Any CPU
		{2E3F00D8-1429-48CC-B8BD-B632F04E6E55}.Release|Any CPU.Build.0 = Release|Any CPU
	EndGlobalSection
	GlobalSection(SolutionProperties) = preSolution
		HideSolutionNode = FALSE
	EndGlobalSection
EndGlobal
